
Microsoft Visual Studio Solution File, Format Version 12.00
# Visual Studio Version 17
VisualStudioVersion = 17.4.33122.133
MinimumVisualStudioVersion = 10.0.40219.1
Project("{FAE04EC0-301F-11D3-BF4B-00C04F79EFBC}") = "FrontToBack", "FrontToBack.csproj", "{5431D91A-9C90-4247-A5AB-A194717D7452}"
EndProject
Global
	GlobalSection(SolutionConfigurationPlatforms) = preSolution
		Debug|Any CPU = Debug|Any CPU
		Release|Any CPU = Release|Any CPU
	EndGlobalSection
	GlobalSection(ProjectConfigurationPlatforms) = postSolution
		{5431D91A-9C90-4247-A5AB-A194717D7452}.Debug|Any CPU.ActiveCfg = Debug|Any CPU
		{5431D91A-9C90-4247-A5AB-A194717D7452}.Debug|Any CPU.Build.0 = Debug|Any CPU
		{5431D91A-9C90-4247-A5AB-A194717D7452}.Release|Any CPU.ActiveCfg = Release|Any CPU
		{5431D91A-9C90-4247-A5AB-A194717D7452}.Release|Any CPU.Build.0 = Release|Any CPU
	EndGlobalSection
	GlobalSection(SolutionProperties) = preSolution
		HideSolutionNode = FALSE
	EndGlobalSection
	GlobalSection(ExtensibilityGlobals) = postSolution
		SolutionGuid = {45568DC6-03E0-4021-93CD-6BBC650ED1C5}
	EndGlobalSection
EndGlobal
